version: 1
checksums:
  de800d16f427a2681a5bcf46beb42a3d:
    job.title: 3728b1c41b064196d56a9ef76b98a6a7
    tabs.jobAd: 2d76be4485b3d0e71d8d8d6e195027e1
    fields.id: ad2cbf86718f90bda673fb6fc0b71396
    fields.createdAt: 820d283d36fdad05ad591a816b89e1a1
    fields.lastUpdatedAt: e818fcbea8c37bea8ca5189b447b6b85
    fields.workplaceType: a55c8cf23d0ded72ca707c657ed293e5
    fields.workplaceType.onsite: a5211c96dd40186d165b21c5ae943285
    fields.workplaceType.remote: dc3e4280dfe5c455b38ba6c8884999cf
    fields.workplaceType.hybrid: d4fd13e212209942d38edd6cba5f72db
    fields.remoteType: 483a064c499bf61b2c517618dbc77fad
    fields.remoteType.country: c899912d4e4a85b3bd5cd4c6c939e736
    fields.remoteType.anywhere: ab53d6525686bd1058b18298cf4f57b2
    fields.office: 19bd187c16f62a9ea75019e9654898a0
    fields.office.id: 0a9ba4da08cd6466bdaff7ca9bb35462
    fields.office.name: 9368b5a047572b6051f334af5aa76819
    fields.office.streetName: 14ca53a1e6163d5407437a1b9d0d12cd
    fields.office.streetNumber: 56035d52375febfa1c18cab72c4fd62d
    fields.office.city: 1fb886e3e3eda2529f7527c4e91b87c2
    fields.office.postalCode: 9b601d9ae07283b28439624645907880
    fields.office.country: 1ac78be89f914fbb39d530e2255be25d
    fields.office.isDefault: 00097bd576b8898f6f0d299dcdf1aa83
    fields.text: 4ddccc1974775ed7357f9beaf9361cec
    fields.employmentType: c62d639fb0a26f9ae00e6ea196cffafe
    fields.seniorityLevel: 1eceb0a58db6cd2a3266929edd540e40
    fields.salary: 0b0c21f13ce82c22bd7696d568ab47d5
    fields.salary.from: efc677f293abd3881974dac598398cf9
    fields.salary.to: 13a0a20efad4ad852dcdb35e627d687c
    fields.salary.currency: c329992ee376fd78806b713531f7dff1
    fields.salary.currency.eur: 106eb27dfc0996b2e208acd688fda2a9
    fields.salary.currency.chf: 9a2f74a752614cbe19d5188afa4f4834
    fields.salary.currency.usd: 8649f5cb720f106bcf9aefe92a2a3a94
    fields.salary.currency.gbp: 66c301296576263b5d4f7166f0d4c36a
    fields.salary.frequency: 50820ce2ecfd61079c681b7edc0cc4c9
    fields.salary.frequency.hourly: efa56b64c1c9b1271d41490b3a1caa7b
    fields.salary.frequency.daily: 9fe7c9fe84e66c5eea6ce70d14f3f0ce
    fields.salary.frequency.weekly: ca9abaa43c0fb6f34c9233fc47559d54
    fields.salary.frequency.monthly: 553d783e776941e98ab2b6cda687787a
    fields.salary.frequency.yearly: f9f30b5789e5fc6adc712a19d411dcab
    fields.salary.isShownOnJobAd: 8e2a4378ab76347af34879c1e3766013
    fields.language: 0a8f7cdeb3c6ffeca70cbcca08ba9556
    fields.category: 0c9b0bbb47e8a11604c0869c844acefb
    fields.contact: 2a24c9f5a791a6472788eb50d2fb9ccb
    fields.contact.email: 8c7ba7f7e40a8c848fc45ac8af985b81
    fields.contact.phone: 4514bfd097e5ea5fc6d7cd1190e791ad
    fields.contact.address: f5a3d2d8be5ba9400b54da7fc217abe7
    countries.de: bafa88e27d33a79b05f41d0b98b9a813
    countries.us: dd913e1ce67e83963aab94c85b83febf
    countries.ad: 164950fa5d3f338a7787dd1666587058
    countries.ae: ddd1c79f80db4959859215636a6e4293
    countries.af: c97933df9df6b466eb71bd68f5ad9764
    countries.ag: f3d5c5294d59e37e215698c599977bd2
    countries.ai: 3440204099ff43ad66f2d89e0cce4036
    countries.al: afd1e00fe108fed54c8c75fb364ab383
    countries.am: 07dec14ebb4205b99f679606bbbced1b
    countries.ao: e6767178ac6dd79414ffd56e29fffc7d
    countries.aq: 0d1b6dfde20565f0437171c3a664adae
    countries.ar: 8e3bbeb3201666324a42e94b60a816d2
    countries.as: e33f522593eb2f6ad94a32beee7c18f8
    countries.at: 1c39accdae4c8df7e95b5cc57cb44411
    countries.au: ac84246052841c380c0b180afa81c4ac
    countries.aw: a0702164a734c4c66f4c0be7387b173b
    countries.ax: cd5382d8ee19c58f0a43a4117c324e88
    countries.az: 7263288df7e534b98988f76bcae0773b
    countries.ba: a73dbb2171887e6a1e529fcf12826234
    countries.bb: f13ec467df68018ed5f7f51de9c9b296
    countries.bd: d5174dfa8f3a790c2611cdb111d49278
    countries.be: 24a9f47e0c420ada9c1444d44c275928
    countries.bf: ab3b602660189da60af477663ed063c5
    countries.bg: 30ccec391818d4799df95742e1106b2b
    countries.bh: 2809cac877812c0f59867cbcc87f3eb3
    countries.bi: b8d098da8be87c70f94d6c53a7f69e22
    countries.bj: e00ef420a90ef4cfc20d9eb6dc74cb41
    countries.bl: 20de1c247cc1c84ab7fb5009b3447cdc
    countries.bm: d516307182c1ba1bcc6aa6790a7cfea4
    countries.bn: 05a037206c59e9fd345547f1037ff708
    countries.bo: 3fda7499226ec58234f4e91650eee5b8
    countries.bq: 55037eb2cfac2551700b83c597b30b94
    countries.br: 46e25de4e4b3b35556afabcac3b0e0f1
    countries.bs: f16f107edd75f434ad54ba79fd2e08a8
    countries.bt: 8c881fe872a855eac53a5409bb8f8341
    countries.bv: 13c6464cc42f1011c4c3b940eac87f46
    countries.bw: c417fd2b87eb48a4ca710fa41dce1a62
    countries.by: 9edaafed12594d6003957536c14e36b7
    countries.bz: d69b75d2b665bc633227d9910f7e436d
    countries.ca: d6f2881d4218034bcddf6262c9aec722
    countries.cc: 7a1eda1e7bf0c4b693bec1b1cee49d0a
    countries.cd: 14074cad7279d5e71eb9796131c51c92
    countries.cf: 3cb3880c2f05266634649aa8404bdd14
    countries.cg: be09091322f531f29e050fcc5e295650
    countries.ch: 7d8c460b2f24668923e5299bac95faf8
    countries.ci: 823b74a35b29bba345785d5e0799e741
    countries.ck: 7804adc94fcf6a133bc10e033016cd3e
    countries.cl: fa2ba9591b7483ecc2634470303ea4b8
    countries.cm: 366e5ac7c2a222e520463423c183d6c5
    countries.cn: 14d66c0d22ba8a253b714475345590e5
    countries.co: c051db2ac604d78da200641cc1711b0f
    countries.cr: e1fb8dcb4441355c6236c24b83a7790b
    countries.cu: 3e91228935edbfcd26add0f985b4e0c3
    countries.cv: ca9cd6981eb7c3e2647e448b0307b474
    countries.cw: c7941c7dd52a6cc4b238858206791912
    countries.cx: b4f52afc17505385af0609a740fc1ece
    countries.cy: 6560f165cff2aead0c38f0d2e01fed1d
    countries.cz: 0419b8c98093344a644efc500a3da865
    countries.dj: 03dc34a86372d6ab262ec158a451d588
    countries.dk: 4982ff0be1037f059ce8bfc3735ac817
    countries.dm: 7e2867cdb90c37bac3dfdf203b01aa1d
    countries.do: 381cdaa2a631d401bdc1b2c96a2a18f9
    countries.dz: 319afe4f65908b3282aa9a8a8c649f8b
    countries.ec: 7a7ef8dc215b39d192eef8635c2fe6e9
    countries.ee: 881f56a506ac8ba7c47fdffb78b7b1a7
    countries.eg: a24897ac32b65cc53aa076bfaeb68630
    countries.eh: e6e81a7b0d80e73f83fdaeb0a98435da
    countries.er: 0160997d8b4b58936fba6671fe5abf81
    countries.es: d070982e473a86abf4997d2ba6d68c34
    countries.et: 72699ceb930cfb45a7840dd5defd3abd
    countries.fi: 274e534bb500e2893e7f59dad6b40d61
    countries.fj: 1e2cbf0ff234646bc276c3947e4c27be
    countries.fk: a7f93527cbcd28789838309427c85fdd
    countries.fm: 707d93c72644461653896440bc77b0dc
    countries.fo: 6147aff3d5f1fa66c162b311235bead6
    countries.fr: aaf17053cf8defbcc4f488c56ae06644
    countries.ga: bf081b320647ddbc9a64ea2cb1c65a09
    countries.gb: 92d944612a9c0d31af75d53529566aae
    countries.gd: 1eba7e3f3c097df9507c0e1d10a5d373
    countries.ge: 5e244e5d894f1857d102e2682fd02f3d
    countries.gf: 7dc959b592916cf19576de278e5b6152
    countries.gg: 994c959d7bf59215eaedec88e830c26f
    countries.gh: 788ac6120b736daf189f1caff6813252
    countries.gi: 023ab0fc56c1be356891c5f1678258f4
    countries.gl: 4cb4f0b783f7a5df8a1084318f404de2
    countries.gm: 56cd27221c0d7516b37509990aa4b593
    countries.gn: 4d6c4327cd1cb5ccfad0ce87f0df1ec1
    countries.gp: 71a770ba68363174e7fd08c834819d44
    countries.gq: bae373bdf3ebda9dbff55a6358eacf65
    countries.gr: 669faa2b96e7d613b1f4b278c40e0f3a
    countries.gs: c37ba2cd58aaf521e39da89606ba2a89
    countries.gt: 65a265ca05d445d7fd081f540f9aa9a5
    countries.gu: 51b094aea7830a967d64f54bb215f130
    countries.gw: 505f79b40588d8f3c7b7f9f5999ecf03
    countries.gy: 8894db25747e5ebe161585a7169ea34f
    countries.hk: 981e934bdf7ce3531f1514f6e5537844
    countries.hm: 6daf57aea70799a1814c8b03f04c1872
    countries.hn: 41f3dc237f36497ff5c69413a408bb1e
    countries.hr: cbf7b30b2f4e42e9491b7696155ae484
    countries.ht: 09555024afa7b41fd31ed01d7e8866c3
    countries.hu: d1e88157109339c3f460a2e5481196f7
    countries.id: 02b34d08a3a61d720c94f28f96410652
    countries.ie: 68425d82dfdbdeedbba56c18e58546c5
    countries.il: 6125e626d03a19effdf152600ebf36d7
    countries.im: 637b2302bfca6931b684e171f8c0984b
    countries.in: d6a7676eda94db2d2a9de02c60220187
    countries.io: f0cdc3cd08420d2e2b572e869c49d5c1
    countries.iq: 6133e754f1bcf07d63d526c5ea125f94
    countries.ir: 3ac2bd7e4ec46aa7f7a8d9c3be0f88e3
    countries.is: 80ac1d308f3eb75655116c1616a7e893
    countries.it: 3774991dfc47caa6de57d0ad50dfeee1
    countries.je: 4bb141840a18150ebf3df50e0926c79b
    countries.jm: 0ccfbf909cc1e180c242c909620fab0d
    countries.jo: 132adfa4dc5e1e3537585baf8d8a07af
    countries.jp: 7fe2cba76d317fec312e840cf6feca02
    countries.ke: 37818028da3038cd73a6220871048549
    countries.kg: 5c31a0bc1ab72f7871d9a41b91862bd1
    countries.kh: 7319951305f5ee2d750bc8033f573455
    countries.ki: c3073c2981a35d5f14f8d39ac055e008
    countries.km: b63349792bd492944f6fd409ac0ac99e
    countries.kn: 47911f90cd28391d0d9c7e8d26175e3f
    countries.kp: 19258769639a31d955ea762eafeac79b
    countries.kr: 914809d9ab13c9a03977bbdf5e67e56e
    countries.kw: cb61629204c41de5c09ba2e90e123457
    countries.ky: 1d54031f3146c5e91c63d63ce3861c8b
    countries.kz: a48fd72b21fdcd223985de16e1d13696
    countries.la: 55228e06588b67740a4b48ede89a76f9
    countries.lb: dc145cd28c8ea32dc1593a58acec372c
    countries.lc: 915fcb4f5624e299f376b8d3bbdf2c5f
    countries.li: 46f8fb71befd7ca7bcb725049a8f2f8c
    countries.lk: 22d15e1024998a77e1c3d2952413e7fd
    countries.lr: 140ae00114f1f4a32448e4a721908a30
    countries.ls: 5463a630f044876e76118a7d9fa7c5fd
    countries.lt: c43a4b1f37a1506e45256a394df6f336
    countries.lu: 78b1eef4dee38b439a34c8b78bda241b
    countries.lv: 5ed199490f61f561c0d477f2ae264c44
    countries.ly: b74558b462c071d2460e69adad07a8d4
    countries.ma: f3efb87f55f04e9d384925489718fd55
    countries.mc: 09ade923d4b3ee31025105e9873f688c
    countries.md: fe7a004932a7d7f0bf8d0affc765d7c1
    countries.me: 9591bc8e960df2d7fc8e9535c514fc78
    countries.mf: 5ea24f7d4c2f4ffebf83a19c7b47e3b6
    countries.mg: e1d39c0d23e10d69ba744c779a37f4e9
    countries.mh: 20873a7db3ef9c70a946ed7945b64ced
    countries.mk: b7358413dc1454b88f57d404eb9ac8eb
    countries.ml: ff266349caeaa0666af1dc13de6564aa
    countries.mm: 8726c32d5b67ffa2e5ce24c7912db917
    countries.mn: eb77ece30381abf72c4a1da85864387d
    countries.mo: 9fd0ae29fbfb194ae1c35751d428e93b
    countries.mp: 5461f463e45255540b60f436578adac4
    countries.mq: 538dad699bba0636b291956c80bb3acb
    countries.mr: 9e57226c2448f7beb7b737603202d5c2
    countries.ms: 6e7d8945d581247e42591099114527d2
    countries.mt: d09b63e1fb29ce5757a9857729a24e1c
    countries.mu: 7c13e0a7947a15024549d6d310f6b70b
    countries.mv: 856ef5be9bdb6860f4b9427ef333a674
    countries.mw: f3cf93ffaf6681dabdfcb1caeaf53596
    countries.mx: c0f5b00737e93f96c8d601428b4dd6e6
    countries.my: 9a9c330265b58291810f5bc1885024e7
    countries.mz: c4db79b3c6b34faf622ad1996f48cafd
    countries.na: c047ea90dbab2e1353b2c3273a804583
    countries.nc: 673a2ac61c07088379d608c26e5ac273
    countries.ne: b761a67077ac5f95385fd448a823571e
    countries.nf: 53fd8f921d542cfc2f8f252f68a2d30f
    countries.ng: cda827eb4b5734fd2bdd238e1cae9340
    countries.ni: 59d477eebf23e94ca681cde397e98af2
    countries.nl: e4ab56bec3127ee13b235c2ebf85e131
    countries.no: e2cbb5e6bf29c43414d941a89367e7b6
    countries.np: 45f0e4b626a569d6b2da314660cbd81f
    countries.nr: c2641da6bfd4ba6fcc416fc3a965ef6b
    countries.nu: 8f6c35173a9b82a39537df7834197c3c
    countries.nz: 605370d6026c09fc5216612f7d5e84ca
    countries.om: 3ff650a0e0a0b1281123e99914dde8e0
    countries.pa: 58084ed03e1de3fc2bd973157996c4cd
    countries.pe: dda27d39bc887f5513e4000e2fffc6bf
    countries.pf: c860beb054b5bf33bc5fd5cb5df90132
    countries.pg: f2982bd396687861ea57b9cf73005a8d
    countries.ph: 8a18a615465c16b034e595b8ac89b06e
    countries.pk: 42c4e3c83a5b58801f574c069dd17e37
    countries.pl: 58f496c535c42c614d4b3f87b6855fd8
    countries.pm: 155a54cf09e475ddedf246360825bf57
    countries.pn: 71f18249cce003b84bcf03a0cc0e851d
    countries.pr: 94c5f6c83aef0b36f0167155d065532e
    countries.ps: 2970365d01be5e3ec1cdc0a4605d2f40
    countries.pt: 3f47f311ae9bd9ccebe915a2ff263ef7
    countries.pw: e9551c659271a4979643389430b938bd
    countries.py: 54e433c27407c962721dee6ef87017f6
    countries.qa: 0d1ecd8c673954381cc061c9a2ce386e
    countries.re: b7a9bf5db55b0c9c84f0edb3a17274a4
    countries.ro: b7750560a7883e7e770f0380e008662d
    countries.rs: e70b24a22f9a7d6b693d8db3f32c222d
    countries.ru: 0088666cdd93813ef21fff94d43c5c57
    countries.rw: 1f574d49eac18765f65be0a8cffb8dd0
    countries.sa: d0dbcdabd6747685eb91c56d92f17465
    countries.sb: ad9b1ed7faaec56429933ad8a301d23e
    countries.sc: 658253cea0f0a520da86f1896c904308
    countries.sd: b5501a7ea0da264f0d4696c44164c59f
    countries.se: 8f71f29aa0322b1305b99ebc82803441
    countries.sg: ea9df2768aa73e878622f59079a39c3d
    countries.sh: 4b7ceb1352a2a090e5453342899f6901
    countries.si: 68de5e1bec9f35ddedef33f5ef472b19
    countries.sj: 27c4dd32fa39514d2ff22807c1d119da
    countries.sk: b7aff84e4b96595f26ff411f3f82fa3d
    countries.sl: b5ec473563db7392c65afb3784a9ab5f
    countries.sm: dc6f99459f64f7703c118f94af7222d6
    countries.sn: 501ce2515bc01c837dd55228f3723533
    countries.so: 48e578fa54d0b2021f7574bd003ddd54
    countries.sr: c34105ca74bf9fe4a3604e1911086e18
    countries.ss: 4537aea3a9cc453598c40ef06eb38beb
    countries.st: acc6b1913de50fd7a10bdcf13410fc52
    countries.sv: c8c3bdd5113d0c4ad5ca4a559b182228
    countries.sx: 094f0f74d34fef61910ec364fd01d537
    countries.sy: 7147c13507138f2312f4e7eec93a3991
    countries.sz: db54488fcbdb95b4862c3de65533afdf
    countries.tc: a44f8ad2cd0f673778b922066605834e
    countries.td: 4470a32a50b71e370a4f9bbf04d2ec5f
    countries.tf: 1a77ca395d33d9f8161efa35d17d1586
    countries.tg: 320c6f3abf2b1493dcf37e0efe80d8df
    countries.th: 9bfb489fa91f618931acbeb4a8cea3ce
    countries.tj: 2e1863d7ee6191628df93e9dce9c01fc
    countries.tk: ced9215c9e022ba83836fc85ca8a5fce
    countries.tl: 4e285721ebc8ffc634a274fa87ae28d7
    countries.tm: b2cb09ddd139af055b099ddc50b567f7
    countries.tn: a740ae53bfb7fa19ed68711c10da158a
    countries.to: 1d09043d9a3063f8fd8bcaf83a34c47e
    countries.tr: 5c6faee4b315ecea157fb98539f57c94
    countries.tt: 9dc767b570eb837353211e488b7a70cf
    countries.tv: 7e2d4f177e1bed9904a98daeb7298d80
    countries.tw: f62a92b6ad5617c48287fa2ae9ddbb23
    countries.tz: b15ec178fb62ae129e6b79eee2ea278e
    countries.ua: 1e35a37186cb50d84a0f4437e7c0f265
    countries.ug: fa7364fde3fff1388eaf51cca061bc3b
    countries.um: db2381dcfe4aa1346f9915c1ad2822c2
    countries.uy: 5be269341d918160dac70a3aad073553
    countries.uz: 431f067d9a833dd0c3bdbb205907033c
    countries.va: 0c689577a19a97a38847f74f3537d980
    countries.vc: 3c88e112592ad82dc76a459df1a547a0
    countries.ve: 28a7fddbb989ab978b35180d6007fe74
    countries.vg: 0f50630e4ef832b5458e414c80a99564
    countries.vi: 956d83daf712d77b28d00280a55a71dc
    countries.vn: 1e202578b57628e3f8002ec799940a38
    countries.vu: e43d6c8369e24407b54a6efd91b7993a
    countries.wf: fa8d00933876fe55846886b38c5aaa92
    countries.ws: dcf3774d3bd910dd00e58aceef97eff4
    countries.ye: 27b2462740f9cff0c65910004e099ed9
    countries.yt: 180ef80ca8f4c428712d246a2193f313
    countries.za: d0e4828407ed0c54a192ccc0d6921c52
    countries.zm: 401e964b2b3bbc3f500fa8312143d01f
    countries.zw: 377f4e686e6ab533cf197afe37b5967f
    languages.aa: aa720ab5bfaf7f14a80c9ca530f44f0f
    languages.ab: c856a624044fbcd3975d1e0f7c68fe71
    languages.ae: 3c83af4749695ee2bd6dfd93d5221706
    languages.af: c872bc4a5a81f0a7e64ac66afaa90764
    languages.ak: c0c371697af5443f8b13b17585037600
    languages.am: 4bb5ded218f86a00c8cd5b619be9da43
    languages.an: ca70c29b5c468da219932c81d81683ce
    languages.ar: 0f74300a0636817cc9babd5e5971a9c1
    languages.as: 188ca016b1b69106adc5aa8e36e077c7
    languages.av: 0ded944d64c96415e9439c81898c5547
    languages.ay: f7b7f04f8206ef4f29f7c0a22fa8ad13
    languages.az: b2db59985ed6eed1659075427f686dee
    languages.ba: 12ebcc21ba43a1e9d3b928fdb4503aa5
    languages.be: d7d96e9a81db96205f083f316c1f450d
    languages.bg: 700f1685cb38a978bdb917ea9be95197
    languages.bi: 3fa918cd7f7ea3825f0f9bd1e14bbb1d
    languages.bm: e0fa0ae91460026b41e1e8f10be6a19f
    languages.bn: f3592c6e62da9ed1c17768e0d20dcadd
    languages.bo: 2c687b4e106a3894e4efa2b9e7ce6762
    languages.br: 591cace670d2a06270ae191e23a3f30e
    languages.bs: 9e6c0bc8942a9127c2a3e343a4e84955
    languages.ca: 28e710d24b299ce22486a8a3fe588de7
    languages.ce: 2266c4d9e00d38d6de5ff8553a38066c
    languages.ch: 9fbbd7cc51a1db8902f74a877c06c48e
    languages.co: e4bb941b90c5a02ca570fafeb72e4e5e
    languages.cr: 5da484afaf2a748c559e560a052859f2
    languages.cs: 2255904162fcfd04d3cc63e1c7a963f4
    languages.cu: 85ff2284a89e1bf98f8f1b8631786382
    languages.cv: dbb04b8d47fceea5bcdecb08640286a8
    languages.cy: 6c7b70303a256615e4b1e10905784a30
    languages.da: 922341dc209a13886e3e14009b1d7c6a
    languages.de: f13cde514c5daa2cb08f5f22be97a066
    languages.dv: b16296932ce8fda28de314cfb292b003
    languages.dz: 572c747eec0b637434ef6f8c3498a008
    languages.ee: 5c48e6cf3aebf9b8666dea66d0a6b978
    languages.el: 25a4ca0369dc3dfd5a5d6d274540e6fc
    languages.en: 584b57d493c93bee184c37143f4273f8
    languages.eo: 2b0121e93305d7889611fa06de5f9293
    languages.es: 939f998c34fee000c3244e480ec2845a
    languages.et: 220fb0571e0128b3e4fbc96ad4c908ba
    languages.eu: c21d9b35726402512cdb26eb387e012e
    languages.fa: 528e50fe49361536d15745e3dc7b2667
    languages.ff: 4d59ea655011c576adcd57067ad48871
    languages.fi: c41ccd28f082d5ac975e20a8071b391e
    languages.fj: 1e2cbf0ff234646bc276c3947e4c27be
    languages.fo: b4350613e1a16389017139963adb0942
    languages.fr: e49521c2dc1766f831900b3973a2e5e4
    languages.fy: f0c3a5cd2b6de47b18a7d76afe7086d9
    languages.ga: db54bc4ccc485367de9951f04b984968
    languages.gd: f0b5d092064453b37a104b7a544e4b68
    languages.gl: 7ef1b8a62b1a8a8ee651cdf3ccc2c767
    languages.gn: fc443476610fef8764140d3df89762da
    languages.gu: 5c23680d4e3ecbf63c3b8d4d39fda1d2
    languages.gv: d68e0c378279beafcb8009255569941f
    languages.ha: 3d3513bdb8e7a4c43a01e0ad1bad7259
    languages.he: 5aa047888569a4f1ed271cb509c415c7
    languages.hi: 83ef511fe3291eb3eeb7404470003c4b
    languages.ho: f43a42431ce30524aa79976843861535
    languages.hr: 8ae5b6ccf115520ac2a8c253f41e1a68
    languages.ht: e0353ac338dc114a8f3c953a8bd2d9db
    languages.hu: 705f08f37c0cc578a8ab58ffe5600bc6
    languages.hy: a22928efa26db232c61ddd72a75ab792
    languages.hz: 3d2e7169455ab8b0a012a9d5526f66a0
    languages.ia: 518ac8a38f06c4ecfd092d1b40164837
    languages.id: f6b54989cbea01a0b1676b2bdf3813bd
    languages.ie: e1b8fa0aaedf517328f45d0384e51664
    languages.ig: c9aa20ca0dfdd679ad80672c9939d223
    languages.ii: a308e49790e37569195fff41150aea53
    languages.ik: 78c9631922a566e455ec33bf0a65fc98
    languages.io: 45741fb1db760fb69a10765454fbb461
    languages.is: 372907dd99d6938bf07ca1f650c805ce
    languages.it: 0a663c912f9c49bece2287d9583a862a
    languages.iu: 1b465c4b0b440e61e59c6dfab7b78fbd
    languages.ja: e849aac70b28c3806e3fae1cb1835aca
    languages.jv: 3ee9ee7330777044a48690218dcac9cc
    languages.ka: c575884451ce408ff1e13243170b985c
    languages.kg: be09091322f531f29e050fcc5e295650
    languages.ki: b3ae11ec4d181c59fd829783c0fe8ef4
    languages.kj: ea559cec7b6e09d6c38436b7ffe7d314
    languages.kk: 33eaaeff87044604c127eb47e45512e9
    languages.kl: bfde2d62a1326c5a10bb6f50f63a1b0c
    languages.km: a174917e2a9a4a325cb22c5b70f2b91c
    languages.kn: 978b7776d89ab3d918a5ed415442ad61
    languages.ko: 23d87d278ea089c370f83e45a5744019
    languages.kr: 14a57412c45aaa67ea3ee1c64e9c2951
    languages.ks: d3737d0a10fe66b7adc810b9c60124b2
    languages.ku: 6a213dcc2e8d5bcb2f2b66e6aa6cdaf6
    languages.kv: f7643828d2a8564ef76e4d68c6acf64e
    languages.kw: 31ac0cfd74ac2e492180dbce6df26ff3
    languages.ky: 1d4a9b0833beac7b4281eb63a8e3ce8b
    languages.la: 0633690761fb7df0a2f8d9d5f3f014fb
    languages.lb: c8ba91148dd1ff10f45808fd3e3113ef
    languages.lg: 2156942b379eefcef45fbadb4f8aa909
    languages.li: 3335b2da2de6aa96d3f8165da6362384
    languages.ln: 0788c85d39327b873920321fe2a9ab4c
    languages.lo: 45bf9452dcf8b976888667c53cf87b4a
    languages.lt: 5208eadc1bb350a143e3b31fd734ed6e
    languages.lu: 0cd6acc0d7125e5a5a6d3f695c5ec0ac
    languages.lv: 143989f78325417543b5b20f67489b46
    languages.mg: f36bc256b8512e8bddbedbd5f10fae20
    languages.mh: 791b9aac46a751c6012109d067c656aa
    languages.mi: 293e13c855bacf5bd419f11c7d5e0cca
    languages.mk: f3e67cc11c147a0d243757dd6daa08ce
    languages.ml: af3a6858e764981592a0fe39e9e69934
    languages.mn: 3bb9ba17fd8a844a174e1d09c5c00b83
    languages.mr: df755dc0dd9273599fc36f338d2a3978
    languages.ms: 8f9fa0b224bf2430262a34e80f8a8f27
    languages.mt: 44eff6358895f5110b7bad682c350f24
    languages.my: 00ee47f61bacc77ab44483d6b7a5accc
    languages.na: be7fa1679e8eb6e126f529c16bcdf289
    languages.nb: 9e43e586ee3d168c03de31f9b1830d9f
    languages.nd: 88b9dd99999867e3753a297bc09432fe
    languages.ne: e737c3ab56113e310277eabaf8c54715
    languages.ng: c48112d3ecc304d635bce1e46aafa5bb
    languages.nl: 43d43bdc70f194ea7f55bd96889ecdc7
    languages.nn: 6f05853179da62c3fd0fa41340ccc3f0
    languages.no: 19db2c5176c0556631d26f319bfdff4e
    languages.nr: b46c381d19512d1651292d02626e9b89
    languages.nv: 0e1fd9d0c2d15bd6583b94dd54a287f1
    languages.ny: 0a1119acf97482dc1ab6b9f0fd59cffa
    languages.oc: 7a8fb5261abdb1c66ff9d5fadff484ee
    languages.oj: 5dd2132bb71ab8b641647e4afac1703b
    languages.om: 2de3dd99fcec3542b69a57a1eb2eb421
    languages.or: 5f7f33e0b11885ed0a649c4577ee4bad
    languages.os: edc86cd9a2a185f60d80faf4fd86d75a
    languages.pa: 71e93c22716a6f360135ccf584333b8b
    languages.pi: f58d7717ebf54eac53d9e24077ac3b49
    languages.pl: cc4dad76a7cad80256164f4d842baa29
    languages.ps: 255f82ce41ac3848aec9607d61b657c5
    languages.pt: 03b541832ad7983448cbf87ff7dfb26e
    languages.qu: 65e06df6b2538135b7aec3fc684cd22f
    languages.rm: 72262519ccd61a04303ec7679086c345
    languages.rn: cebabbadc6e2290d7d02a5491e663148
    languages.ro: af9b7cddeb07cf19cf760fa1006c11d8
    languages.ru: 8a3fa68b88a194f87f89ccb505278d23
    languages.rw: 1693a723b53ca24843f666b33e088b73
    languages.sa: 6c620fb345936b3333e223557fa0fc6b
    languages.sc: c1003bb17b891dbd60108f1979b5ab63
    languages.sd: 205ca4c422635299dd3f15370b5a3116
    languages.se: 55edf45db741b98d11e2ade4d9a7d12e
    languages.sg: 530ab68d078c0bc7493f00c221ef219c
    languages.si: 22b93ba5db7abfcdb0ceb46e9fd609fa
    languages.sk: 5aa3c30d0bb58ec9428735826660fb3f
    languages.sl: 2e69d4810371bed89e36baecd0f6ef7b
    languages.sm: e93a41520e15c6e722c115d626470ca9
    languages.sn: 01171c61de78de8e6a50c684ded45748
    languages.so: bb2fcd24a5c3cb28fa1887bc2f8e23f2
    languages.sq: 8c933d1ecc8c37d8ad2a8c08cfbc05b1
    languages.sr: a926f62d1ba45b104091c7cd07461296
    languages.ss: 7e5dd91fcbd56a4ac61ab186b3fe36be
    languages.st: ef6b3cdeb60ef3610b1e2db75216c209
    languages.su: a5034b21972f795199a40ac438ce346e
    languages.sv: caedb8ac47ef3f21e4fbcba3fd981dfe
    languages.sw: 9f09b470f98fa4afbb4fc35f79226a35
    languages.ta: 81348d905375a9a27d4c59a9d632b119
    languages.te: 12bc467ed4b324effea19a14917332fd
    languages.tg: 48cae5e809240a6ba99b9944260c1c09
    languages.th: 91b23f2fb256fb27609f4b83791e7d6c
    languages.ti: 9aef65cc6240a3b7898cab40d9aae9e5
    languages.tk: 02673bef9f24b19dab67f0a36f49c022
    languages.tl: fb497a96139facfe56b7557fd929fc7e
    languages.tn: b12780d3957c701c16ffbbc69fc51dce
    languages.to: 975f411cabc3dccd824605a42c6f7223
    languages.tr: 6dd5976202fe6b2ca5275d5dc0e98ec2
    languages.ts: 6a3401cb8ca04a81b00d9937f9c23d51
    languages.tt: 8d427183adc540baa68efff99aefd08b
    languages.tw: dd15ed498db45a52e12454bd98dc72b6
    languages.ty: 72e2e9ecd85ad38fdfd2265598f76201
    languages.ug: 3a9e9eeee32fab6db6a1a20f3db75b7f
    languages.uk: 09e5b791f8fbea452b14029da7cea1cd
    languages.ur: e912a4d2eafafbdaedce648596d429c8
    languages.uz: e20be8c6ee773048458bf4553a94650b
    languages.ve: 550a98b552aaf95594bf840d7454ab7a
    languages.vi: 9ab741479a2e7256ed24021beeda9f74
    languages.vo: cb68d8482d17804e5b821caf91a2e4c2
    languages.wa: 190cb43629a5955bbea73279a395fbaa
    languages.wo: 0f0754798ee868c67ee767e916e22ee5
    languages.xh: 4cec061f485051907f04ebf9dbc04e7c
    languages.yi: c5f836c51c1fa6e08b828fa5b1297d25
    languages.yo: 2143eddd9bcd37f35141af66dd84a505
    languages.za: 1f1dc7d9fc434f1b4ebe7f260879adb8
    languages.zh: 4655c7932cd6984e17ae04c3ef02ced0
    languages.zu: 02aa544c17958e04fbfdfddd28cc0e92
